
Microsoft Visual Studio Solution File, Format Version 12.00
# Visual Studio Version 17
VisualStudioVersion = 17.1.32210.238
MinimumVisualStudioVersion = 10.0.40219.1
Project("{9A19103F-16F7-4668-BE54-9A1E7A4F7556}") = "Project Submission Site", "Project Submission Site\Project Submission Site.csproj", "{BD7EAA74-E001-4C0C-8B6A-E885340C3E12}"
EndProject
Project("{FAE04EC0-301F-11D3-BF4B-00C04F79EFBC}") = "Mail Verification Service", "Mail Verification Service\Mail Verification Service.csproj", "{63FC767B-2A48-481C-8BAE-8F13F410710D}"
EndProject
Global
	GlobalSection(SolutionConfigurationPlatforms) = preSolution
		Debug|Any CPU = Debug|Any CPU
		Release|Any CPU = Release|Any CPU
	EndGlobalSection
	GlobalSection(ProjectConfigurationPlatforms) = postSolution
		{BD7EAA74-E001-4C0C-8B6A-E885340C3E12}.Debug|Any CPU.ActiveCfg = Debug|Any CPU
		{BD7EAA74-E001-4C0C-8B6A-E885340C3E12}.Debug|Any CPU.Build.0 = Debug|Any CPU
		{BD7EAA74-E001-4C0C-8B6A-E885340C3E12}.Release|Any CPU.ActiveCfg = Release|Any CPU
		{BD7EAA74-E001-4C0C-8B6A-E885340C3E12}.Release|Any CPU.Build.0 = Release|Any CPU
		{63FC767B-2A48-481C-8BAE-8F13F410710D}.Debug|Any CPU.ActiveCfg = Debug|Any CPU
		{63FC767B-2A48-481C-8BAE-8F13F410710D}.Debug|Any CPU.Build.0 = Debug|Any CPU
		{63FC767B-2A48-481C-8BAE-8F13F410710D}.Release|Any CPU.ActiveCfg = Release|Any CPU
		{63FC767B-2A48-481C-8BAE-8F13F410710D}.Release|Any CPU.Build.0 = Release|Any CPU
	EndGlobalSection
	GlobalSection(SolutionProperties) = preSolution
		HideSolutionNode = FALSE
	EndGlobalSection
	GlobalSection(ExtensibilityGlobals) = postSolution
		SolutionGuid = {B68B6B22-9D20-488B-85B2-22DA022B1998}
	EndGlobalSection
EndGlobal
